// !$*UTF8*$!
{
	archiveVersion = 1;
	classes = {
	};
	objectVersion = 50;
	objects = {

/* Begin PBXBuildFile section */
		EA62CE7C25C747F200465849 /* AppDelegate.swift in Sources */ = {isa = PBXBuildFile; fileRef = EA62CE7B25C747F200465849 /* AppDelegate.swift */; };
		EA62CE7E25C747F200465849 /* SceneDelegate.swift in Sources */ = {isa = PBXBuildFile; fileRef = EA62CE7D25C747F200465849 /* SceneDelegate.swift */; };
		EA62CE8025C747F200465849 /* ViewController.swift in Sources */ = {isa = PBXBuildFile; fileRef = EA62CE7F25C747F200465849 /* ViewController.swift */; };
		EA62CE8325C747F200465849 /* Main.storyboard in Resources */ = {isa = PBXBuildFile; fileRef = EA62CE8125C747F200465849 /* Main.storyboard */; };
		EA62CE8625C747F200465849 /* MadDemo.xcdatamodeld in Sources */ = {isa = PBXBuildFile; fileRef = EA62CE8425C747F200465849 /* MadDemo.xcdatamodeld */; };
		EA62CE8825C747F600465849 /* Assets.xcassets in Resources */ = {isa = PBXBuildFile; fileRef = EA62CE8725C747F600465849 /* Assets.xcassets */; };
		EA62CE8B25C747F600465849 /* LaunchScreen.storyboard in Resources */ = {isa = PBXBuildFile; fileRef = EA62CE8925C747F600465849 /* LaunchScreen.storyboard */; };
		EA62CE9625C747F700465849 /* MadDemoTests.swift in Sources */ = {isa = PBXBuildFile; fileRef = EA62CE9525C747F700465849 /* MadDemoTests.swift */; };
		EA62CEA125C747F700465849 /* MadDemoUITests.swift in Sources */ = {isa = PBXBuildFile; fileRef = EA62CEA025C747F700465849 /* MadDemoUITests.swift */; };
/* End PBXBuildFile section */

/* Begin PBXContainerItemProxy section */
		EA62CE9225C747F700465849 /* PBXContainerItemProxy */ = {
			isa = PBXContainerItemProxy;
			containerPortal = EA62CE7025C747F200465849 /* Project object */;
			proxyType = 1;
			remoteGlobalIDString = EA62CE7725C747F200465849;
			remoteInfo = MadDemo;
		};
		EA62CE9D25C747F700465849 /* PBXContainerItemProxy */ = {
			isa = PBXContainerItemProxy;
			containerPortal = EA62CE7025C747F200465849 /* Project object */;
			proxyType = 1;
			remoteGlobalIDString = EA62CE7725C747F200465849;
			remoteInfo = MadDemo;
		};
/* End PBXContainerItemProxy section */

/* Begin PBXFileReference section */
		EA62CE7825C747F200465849 /* MadDemo.app */ = {isa = PBXFileReference; explicitFileType = wrapper.application; includeInIndex = 0; path = MadDemo.app; sourceTree = BUILT_PRODUCTS_DIR; };
		EA62CE7B25C747F200465849 /* AppDelegate.swift */ = {isa = PBXFileReference; lastKnownFileType = sourcecode.swift; path = AppDelegate.swift; sourceTree = "<group>"; };
		EA62CE7D25C747F200465849 /* SceneDelegate.swift */ = {isa = PBXFileReference; lastKnownFileType = sourcecode.swift; path = SceneDelegate.swift; sourceTree = "<group>"; };
		EA62CE7F25C747F200465849 /* ViewController.swift */ = {isa = PBXFileReference; lastKnownFileType = sourcecode.swift; path = ViewController.swift; sourceTree = "<group>"; };
		EA62CE8225C747F200465849 /* Base */ = {isa = PBXFileReference; lastKnownFileType = file.storyboard; name = Base; path = Base.lproj/Main.storyboard; sourceTree = "<group>"; };
		EA62CE8525C747F200465849 /* MadDemo.xcdatamodel */ = {isa = PBXFileReference; lastKnownFileType = wrapper.xcdatamodel; path = MadDemo.xcdatamodel; sourceTree = "<group>"; };
		EA62CE8725C747F600465849 /* Assets.xcassets */ = {isa = PBXFileReference; lastKnownFileType = folder.assetcatalog; path = Assets.xcassets; sourceTree = "<group>"; };
		EA62CE8A25C747F600465849 /* Base */ = {isa = PBXFileReference; lastKnownFileType = file.storyboard; name = Base; path = Base.lproj/LaunchScreen.storyboard; sourceTree = "<group>"; };
		EA62CE8C25C747F600465849 /* Info.plist */ = {isa = PBXFileReference; lastKnownFileType = text.plist.xml; path = Info.plist; sourceTree = "<group>"; };
		EA62CE9125C747F700465849 /* MadDemoTests.xctest */ = {isa = PBXFileReference; explicitFileType = wrapper.cfbundle; includeInIndex = 0; path = MadDemoTests.xctest; sourceTree = BUILT_PRODUCTS_DIR; };
		EA62CE9525C747F700465849 /* MadDemoTests.swift */ = {isa = PBXFileReference; lastKnownFileType = sourcecode.swift; path = MadDemoTests.swift; sourceTree = "<group>"; };
		EA62CE9725C747F700465849 /* Info.plist */ = {isa = PBXFileReference; lastKnownFileType = text.plist.xml; path = Info.plist; sourceTree = "<group>"; };
		EA62CE9C25C747F700465849 /* MadDemoUITests.xctest */ = {isa = PBXFileReference; explicitFileType = wrapper.cfbundle; includeInIndex = 0; path = MadDemoUITests.xctest; sourceTree = BUILT_PRODUCTS_DIR; };
		EA62CEA025C747F700465849 /* MadDemoUITests.swift */ = {isa = PBXFileReference; lastKnownFileType = sourcecode.swift; path = MadDemoUITests.swift; sourceTree = "<group>"; };
		EA62CEA225C747F700465849 /* Info.plist */ = {isa = PBXFileReference; lastKnownFileType = text.plist.xml; path = Info.plist; sourceTree = "<group>"; };
/* End PBXFileReference section */

/* Begin PBXFrameworksBuildPhase section */
		EA62CE7525C747F200465849 /* Frameworks */ = {
			isa = PBXFrameworksBuildPhase;
			buildActionMask = 2147483647;
			files = (
			);
			runOnlyForDeploymentPostprocessing = 0;
		};
		EA62CE8E25C747F700465849 /* Frameworks */ = {
			isa = PBXFrameworksBuildPhase;
			buildActionMask = 2147483647;
			files = (
			);
			runOnlyForDeploymentPostprocessing = 0;
		};
		EA62CE9925C747F700465849 /* Frameworks */ = {
			isa = PBXFrameworksBuildPhase;
			buildActionMask = 2147483647;
			files = (
			);
			runOnlyForDeploymentPostprocessing = 0;
		};
/* End PBXFrameworksBuildPhase section */

/* Begin PBXGroup section */
		EA62CE6F25C747F200465849 = {
			isa = PBXGroup;
			children = (
				EA62CE7A25C747F200465849 /* MadDemo */,
				EA62CE9425C747F700465849 /* MadDemoTests */,
				EA62CE9F25C747F700465849 /* MadDemoUITests */,
				EA62CE7925C747F200465849 /* Products */,
			);
			sourceTree = "<group>";
		};
		EA62CE7925C747F200465849 /* Products */ = {
			isa = PBXGroup;
			children = (
				EA62CE7825C747F200465849 /* MadDemo.app */,
				EA62CE9125C747F700465849 /* MadDemoTests.xctest */,
				EA62CE9C25C747F700465849 /* MadDemoUITests.xctest */,
			);
			name = Products;
			sourceTree = "<group>";
		};
		EA62CE7A25C747F200465849 /* MadDemo */ = {
			isa = PBXGroup;
			children = (
				EA62CE7B25C747F200465849 /* AppDelegate.swift */,
				EA62CE7D25C747F200465849 /* SceneDelegate.swift */,
				EA62CE7F25C747F200465849 /* ViewController.swift */,
				EA62CE8125C747F200465849 /* Main.storyboard */,
				EA62CE8725C747F600465849 /* Assets.xcassets */,
				EA62CE8925C747F600465849 /* LaunchScreen.storyboard */,
				EA62CE8C25C747F600465849 /* Info.plist */,
				EA62CE8425C747F200465849 /* MadDemo.xcdatamodeld */,
			);
			path = MadDemo;
			sourceTree = "<group>";
		};
		EA62CE9425C747F700465849 /* MadDemoTests */ = {
			isa = PBXGroup;
			children = (
				EA62CE9525C747F700465849 /* MadDemoTests.swift */,
				EA62CE9725C747F700465849 /* Info.plist */,
			);
			path = MadDemoTests;
			sourceTree = "<group>";
		};
		EA62CE9F25C747F700465849 /* MadDemoUITests */ = {
			isa = PBXGroup;
			children = (
				EA62CEA025C747F700465849 /* MadDemoUITests.swift */,
				EA62CEA225C747F700465849 /* Info.plist */,
			);
			path = MadDemoUITests;
			sourceTree = "<group>";
		};
/* End PBXGroup section */

/* Begin PBXNativeTarget section */
		EA62CE7725C747F200465849 /* MadDemo */ = {
			isa = PBXNativeTarget;
			buildConfigurationList = EA62CEA525C747F700465849 /* Build configuration list for PBXNativeTarget "MadDemo" */;
			buildPhases = (
				EA62CE7425C747F200465849 /* Sources */,
				EA62CE7525C747F200465849 /* Frameworks */,
				EA62CE7625C747F200465849 /* Resources */,
			);
			buildRules = (
			);
			dependencies = (
			);
			name = MadDemo;
			productName = MadDemo;
			productReference = EA62CE7825C747F200465849 /* MadDemo.app */;
			productType = "com.apple.product-type.application";
		};
		EA62CE9025C747F700465849 /* MadDemoTests */ = {
			isa = PBXNativeTarget;
			buildConfigurationList = EA62CEA825C747F700465849 /* Build configuration list for PBXNativeTarget "MadDemoTests" */;
			buildPhases = (
				EA62CE8D25C747F700465849 /* Sources */,
				EA62CE8E25C747F700465849 /* Frameworks */,
				EA62CE8F25C747F700465849 /* Resources */,
			);
			buildRules = (
			);
			dependencies = (
				EA62CE9325C747F700465849 /* PBXTargetDependency */,
			);
			name = MadDemoTests;
			productName = MadDemoTests;
			productReference = EA62CE9125C747F700465849 /* MadDemoTests.xctest */;
			productType = "com.apple.product-type.bundle.unit-test";
		};
		EA62CE9B25C747F700465849 /* MadDemoUITests */ = {
			isa = PBXNativeTarget;
			buildConfigurationList = EA62CEAB25C747F700465849 /* Build configuration list for PBXNativeTarget "MadDemoUITests" */;
			buildPhases = (
				EA62CE9825C747F700465849 /* Sources */,
				EA62CE9925C747F700465849 /* Frameworks */,
				EA62CE9A25C747F700465849 /* Resources */,
			);
			buildRules = (
			);
			dependencies = (
				EA62CE9E25C747F700465849 /* PBXTargetDependency */,
			);
			name = MadDemoUITests;
			productName = MadDemoUITests;
			productReference = EA62CE9C25C747F700465849 /* MadDemoUITests.xctest */;
			productType = "com.apple.product-type.bundle.ui-testing";
		};
/* End PBXNativeTarget section */

/* Begin PBXProject section */
		EA62CE7025C747F200465849 /* Project object */ = {
			isa = PBXProject;
			attributes = {
				LastSwiftUpdateCheck = 1210;
				LastUpgradeCheck = 1210;
				TargetAttributes = {
					EA62CE7725C747F200465849 = {
						CreatedOnToolsVersion = 12.1;
					};
					EA62CE9025C747F700465849 = {
						CreatedOnToolsVersion = 12.1;
						TestTargetID = EA62CE7725C747F200465849;
					};
					EA62CE9B25C747F700465849 = {
						CreatedOnToolsVersion = 12.1;
						TestTargetID = EA62CE7725C747F200465849;
					};
				};
			};
			buildConfigurationList = EA62CE7325C747F200465849 /* Build configuration list for PBXProject "MadDemo" */;
			compatibilityVersion = "Xcode 9.3";
			developmentRegion = en;
			hasScannedForEncodings = 0;
			knownRegions = (
				en,
				Base,
			);
			mainGroup = EA62CE6F25C747F200465849;
			productRefGroup = EA62CE7925C747F200465849 /* Products */;
			projectDirPath = "";
			projectRoot = "";
			targets = (
				EA62CE7725C747F200465849 /* MadDemo */,
				EA62CE9025C747F700465849 /* MadDemoTests */,
				EA62CE9B25C747F700465849 /* MadDemoUITests */,
			);
		};
/* End PBXProject section */

/* Begin PBXResourcesBuildPhase section */
		EA62CE7625C747F200465849 /* Resources */ = {
			isa = PBXResourcesBuildPhase;
			buildActionMask = 2147483647;
			files = (
				EA62CE8B25C747F600465849 /* LaunchScreen.storyboard in Resources */,
				EA62CE8825C747F600465849 /* Assets.xcassets in Resources */,
				EA62CE8325C747F200465849 /* Main.storyboard in Resources */,
			);
			runOnlyForDeploymentPostprocessing = 0;
		};
		EA62CE8F25C747F700465849 /* Resources */ = {
			isa = PBXResourcesBuildPhase;
			buildActionMask = 2147483647;
			files = (
			);
			runOnlyForDeploymentPostprocessing = 0;
		};
		EA62CE9A25C747F700465849 /* Resources */ = {
			isa = PBXResourcesBuildPhase;
			buildActionMask = 2147483647;
			files = (
			);
			runOnlyForDeploymentPostprocessing = 0;
		};
/* End PBXResourcesBuildPhase section */

/* Begin PBXSourcesBuildPhase section */
		EA62CE7425C747F200465849 /* Sources */ = {
			isa = PBXSourcesBuildPhase;
			buildActionMask = 2147483647;
			files = (
				EA62CE8025C747F200465849 /* ViewController.swift in Sources */,
				EA62CE7C25C747F200465849 /* AppDelegate.swift in Sources */,
				EA62CE7E25C747F200465849 /* SceneDelegate.swift in Sources */,
				EA62CE8625C747F200465849 /* MadDemo.xcdatamodeld in Sources */,
			);
			runOnlyForDeploymentPostprocessing = 0;
		};
		EA62CE8D25C747F700465849 /* Sources */ = {
			isa = PBXSourcesBuildPhase;
			buildActionMask = 2147483647;
			files = (
				EA62CE9625C747F700465849 /* MadDemoTests.swift in Sources */,
			);
			runOnlyForDeploymentPostprocessing = 0;
		};
		EA62CE9825C747F700465849 /* Sources */ = {
			isa = PBXSourcesBuildPhase;
			buildActionMask = 2147483647;
			files = (
				EA62CEA125C747F700465849 /* MadDemoUITests.swift in Sources */,
			);
			runOnlyForDeploymentPostprocessing = 0;
		};
/* End PBXSourcesBuildPhase section */

/* Begin PBXTargetDependency section */
		EA62CE9325C747F700465849 /* PBXTargetDependency */ = {
			isa = PBXTargetDependency;
			target = EA62CE7725C747F200465849 /* MadDemo */;
			targetProxy = EA62CE9225C747F700465849 /* PBXContainerItemProxy */;
		};
		EA62CE9E25C747F700465849 /* PBXTargetDependency */ = {
			isa = PBXTargetDependency;
			target = EA62CE7725C747F200465849 /* MadDemo */;
			targetProxy = EA62CE9D25C747F700465849 /* PBXContainerItemProxy */;
		};
/* End PBXTargetDependency section */

/* Begin PBXVariantGroup section */
		EA62CE8125C747F200465849 /* Main.storyboard */ = {
			isa = PBXVariantGroup;
			children = (
				EA62CE8225C747F200465849 /* Base */,
			);
			name = Main.storyboard;
			sourceTree = "<group>";
		};
		EA62CE8925C747F600465849 /* LaunchScreen.storyboard */ = {
			isa = PBXVariantGroup;
			children = (
				EA62CE8A25C747F600465849 /* Base */,
			);
			name = LaunchScreen.storyboard;
			sourceTree = "<group>";
		};
/* End PBXVariantGroup section */

/* Begin XCBuildConfiguration section */
		EA62CEA325C747F700465849 /* Debug */ = {
			isa = XCBuildConfiguration;
			buildSettings = {
				ALWAYS_SEARCH_USER_PATHS = NO;
				CLANG_ANALYZER_NONNULL = YES;
				CLANG_ANALYZER_NUMBER_OBJECT_CONVERSION = YES_AGGRESSIVE;
				CLANG_CXX_LANGUAGE_STANDARD = "gnu++14";
				CLANG_CXX_LIBRARY = "libc++";
				CLANG_ENABLE_MODULES = YES;
				CLANG_ENABLE_OBJC_ARC = YES;
				CLANG_ENABLE_OBJC_WEAK = YES;
				CLANG_WARN_BLOCK_CAPTURE_AUTORELEASING = YES;
				CLANG_WARN_BOOL_CONVERSION = YES;
				CLANG_WARN_COMMA = YES;
				CLANG_WARN_CONSTANT_CONVERSION = YES;
				CLANG_WARN_DEPRECATED_OBJC_IMPLEMENTATIONS = YES;
				CLANG_WARN_DIRECT_OBJC_ISA_USAGE = YES_ERROR;
				CLANG_WARN_DOCUMENTATION_COMMENTS = YES;
				CLANG_WARN_EMPTY_BODY = YES;
				CLANG_WARN_ENUM_CONVERSION = YES;
				CLANG_WARN_INFINITE_RECURSION = YES;
				CLANG_WARN_INT_CONVERSION = YES;
				CLANG_WARN_NON_LITERAL_NULL_CONVERSION = YES;
				CLANG_WARN_OBJC_IMPLICIT_RETAIN_SELF = YES;
				CLANG_WARN_OBJC_LITERAL_CONVERSION = YES;
				CLANG_WARN_OBJC_ROOT_CLASS = YES_ERROR;
				CLANG_WARN_QUOTED_INCLUDE_IN_FRAMEWORK_HEADER = YES;
				CLANG_WARN_RANGE_LOOP_ANALYSIS = YES;
				CLANG_WARN_STRICT_PROTOTYPES = YES;
				CLANG_WARN_SUSPICIOUS_MOVE = YES;
				CLANG_WARN_UNGUARDED_AVAILABILITY = YES_AGGRESSIVE;
				CLANG_WARN_UNREACHABLE_CODE = YES;
				CLANG_WARN__DUPLICATE_METHOD_MATCH = YES;
				COPY_PHASE_STRIP = NO;
				DEBUG_INFORMATION_FORMAT = dwarf;
				ENABLE_STRICT_OBJC_MSGSEND = YES;
				ENABLE_TESTABILITY = YES;
				GCC_C_LANGUAGE_STANDARD = gnu11;
				GCC_DYNAMIC_NO_PIC = NO;
				GCC_NO_COMMON_BLOCKS = YES;
				GCC_OPTIMIZATION_LEVEL = 0;
				GCC_PREPROCESSOR_DEFINITIONS = (
					"DEBUG=1",
					"$(inherited)",
				);
				GCC_WARN_64_TO_32_BIT_CONVERSION = YES;
				GCC_WARN_ABOUT_RETURN_TYPE = YES_ERROR;
				GCC_WARN_UNDECLARED_SELECTOR = YES;
				GCC_WARN_UNINITIALIZED_AUTOS = YES_AGGRESSIVE;
				GCC_WARN_UNUSED_FUNCTION = YES;
				GCC_WARN_UNUSED_VARIABLE = YES;
				IPHONEOS_DEPLOYMENT_TARGET = 14.1;
				MTL_ENABLE_DEBUG_INFO = INCLUDE_SOURCE;
				MTL_FAST_MATH = YES;
				ONLY_ACTIVE_ARCH = YES;
				SDKROOT = iphoneos;
				SWIFT_ACTIVE_COMPILATION_CONDITIONS = DEBUG;
				SWIFT_OPTIMIZATION_LEVEL = "-Onone";
			};
			name = Debug;
		};
		EA62CEA425C747F700465849 /* Release */ = {
			isa = XCBuildConfiguration;
			buildSettings = {
				ALWAYS_SEARCH_USER_PATHS = NO;
				CLANG_ANALYZER_NONNULL = YES;
				CLANG_ANALYZER_NUMBER_OBJECT_CONVERSION = YES_AGGRESSIVE;
				CLANG_CXX_LANGUAGE_STANDARD = "gnu++14";
				CLANG_CXX_LIBRARY = "libc++";
				CLANG_ENABLE_MODULES = YES;
				CLANG_ENABLE_OBJC_ARC = YES;
				CLANG_ENABLE_OBJC_WEAK = YES;
				CLANG_WARN_BLOCK_CAPTURE_AUTORELEASING = YES;
				CLANG_WARN_BOOL_CONVERSION = YES;
				CLANG_WARN_COMMA = YES;
				CLANG_WARN_CONSTANT_CONVERSION = YES;
				CLANG_WARN_DEPRECATED_OBJC_IMPLEMENTATIONS = YES;
				CLANG_WARN_DIRECT_OBJC_ISA_USAGE = YES_ERROR;
				CLANG_WARN_DOCUMENTATION_COMMENTS = YES;
				CLANG_WARN_EMPTY_BODY = YES;
				CLANG_WARN_ENUM_CONVERSION = YES;
				CLANG_WARN_INFINITE_RECURSION = YES;
				CLANG_WARN_INT_CONVERSION = YES;
				CLANG_WARN_NON_LITERAL_NULL_CONVERSION = YES;
				CLANG_WARN_OBJC_IMPLICIT_RETAIN_SELF = YES;
				CLANG_WARN_OBJC_LITERAL_CONVERSION = YES;
				CLANG_WARN_OBJC_ROOT_CLASS = YES_ERROR;
				CLANG_WARN_QUOTED_INCLUDE_IN_FRAMEWORK_HEADER = YES;
				CLANG_WARN_RANGE_LOOP_ANALYSIS = YES;
				CLANG_WARN_STRICT_PROTOTYPES = YES;
				CLANG_WARN_SUSPICIOUS_MOVE = YES;
				CLANG_WARN_UNGUARDED_AVAILABILITY = YES_AGGRESSIVE;
				CLANG_WARN_UNREACHABLE_CODE = YES;
				CLANG_WARN__DUPLICATE_METHOD_MATCH = YES;
				COPY_PHASE_STRIP = NO;
				DEBUG_INFORMATION_FORMAT = "dwarf-with-dsym";
				ENABLE_NS_ASSERTIONS = NO;
				ENABLE_STRICT_OBJC_MSGSEND = YES;
				GCC_C_LANGUAGE_STANDARD = gnu11;
				GCC_NO_COMMON_BLOCKS = YES;
				GCC_WARN_64_TO_32_BIT_CONVERSION = YES;
				GCC_WARN_ABOUT_RETURN_TYPE = YES_ERROR;
				GCC_WARN_UNDECLARED_SELECTOR = YES;
				GCC_WARN_UNINITIALIZED_AUTOS = YES_AGGRESSIVE;
				GCC_WARN_UNUSED_FUNCTION = YES;
				GCC_WARN_UNUSED_VARIABLE = YES;
				IPHONEOS_DEPLOYMENT_TARGET = 14.1;
				MTL_ENABLE_DEBUG_INFO = NO;
				MTL_FAST_MATH = YES;
				SDKROOT = iphoneos;
				SWIFT_COMPILATION_MODE = wholemodule;
				SWIFT_OPTIMIZATION_LEVEL = "-O";
				VALIDATE_PRODUCT = YES;
			};
			name = Release;
		};
		EA62CEA625C747F700465849 /* Debug */ = {
			isa = XCBuildConfiguration;
			buildSettings = {
				ASSETCATALOG_COMPILER_APPICON_NAME = AppIcon;
				ASSETCATALOG_COMPILER_GLOBAL_ACCENT_COLOR_NAME = AccentColor;
				CODE_SIGN_STYLE = Automatic;
				DEVELOPMENT_TEAM = 53HNTFX3RK;
				INFOPLIST_FILE = MadDemo/Info.plist;
				LD_RUNPATH_SEARCH_PATHS = (
					"$(inherited)",
					"@executable_path/Frameworks",
				);
				PRODUCT_BUNDLE_IDENTIFIER = com.jonjohnson.MadDemo;
				PRODUCT_NAME = "$(TARGET_NAME)";
				SWIFT_VERSION = 5.0;
				TARGETED_DEVICE_FAMILY = "1,2";
			};
			name = Debug;
		};
		EA62CEA725C747F700465849 /* Release */ = {
			isa = XCBuildConfiguration;
			buildSettings = {
				ASSETCATALOG_COMPILER_APPICON_NAME = AppIcon;
				ASSETCATALOG_COMPILER_GLOBAL_ACCENT_COLOR_NAME = AccentColor;
				CODE_SIGN_STYLE = Automatic;
				DEVELOPMENT_TEAM = 53HNTFX3RK;
				INFOPLIST_FILE = MadDemo/Info.plist;
				LD_RUNPATH_SEARCH_PATHS = (
					"$(inherited)",
					"@executable_path/Frameworks",
				);
				PRODUCT_BUNDLE_IDENTIFIER = com.jonjohnson.MadDemo;
				PRODUCT_NAME = "$(TARGET_NAME)";
				SWIFT_VERSION = 5.0;
				TARGETED_DEVICE_FAMILY = "1,2";
			};
			name = Release;
		};
		EA62CEA925C747F700465849 /* Debug */ = {
			isa = XCBuildConfiguration;
			buildSettings = {
				ALWAYS_EMBED_SWIFT_STANDARD_LIBRARIES = YES;
				BUNDLE_LOADER = "$(TEST_HOST)";
				CODE_SIGN_STYLE = Automatic;
				DEVELOPMENT_TEAM = 53HNTFX3RK;
				INFOPLIST_FILE = MadDemoTests/Info.plist;
				IPHONEOS_DEPLOYMENT_TARGET = 14.1;
				LD_RUNPATH_SEARCH_PATHS = (
					"$(inherited)",
					"@executable_path/Frameworks",
					"@loader_path/Frameworks",
				);
				PRODUCT_BUNDLE_IDENTIFIER = com.jonjohnson.MadDemoTests;
				PRODUCT_NAME = "$(TARGET_NAME)";
				SWIFT_VERSION = 5.0;
				TARGETED_DEVICE_FAMILY = "1,2";
				TEST_HOST = "$(BUILT_PRODUCTS_DIR)/MadDemo.app/MadDemo";
			};
			name = Debug;
		};
		EA62CEAA25C747F700465849 /* Release */ = {
			isa = XCBuildConfiguration;
			buildSettings = {
				ALWAYS_EMBED_SWIFT_STANDARD_LIBRARIES = YES;
				BUNDLE_LOADER = "$(TEST_HOST)";
				CODE_SIGN_STYLE = Automatic;
				DEVELOPMENT_TEAM = 53HNTFX3RK;
				INFOPLIST_FILE = MadDemoTests/Info.plist;
				IPHONEOS_DEPLOYMENT_TARGET = 14.1;
				LD_RUNPATH_SEARCH_PATHS = (
					"$(inherited)",
					"@executable_path/Frameworks",
					"@loader_path/Frameworks",
				);
				PRODUCT_BUNDLE_IDENTIFIER = com.jonjohnson.MadDemoTests;
				PRODUCT_NAME = "$(TARGET_NAME)";
				SWIFT_VERSION = 5.0;
				TARGETED_DEVICE_FAMILY = "1,2";
				TEST_HOST = "$(BUILT_PRODUCTS_DIR)/MadDemo.app/MadDemo";
			};
			name = Release;
		};
		EA62CEAC25C747F700465849 /* Debug */ = {
			isa = XCBuildConfiguration;
			buildSettings = {
				ALWAYS_EMBED_SWIFT_STANDARD_LIBRARIES = YES;
				CODE_SIGN_STYLE = Automatic;
				DEVELOPMENT_TEAM = 53HNTFX3RK;
				INFOPLIST_FILE = MadDemoUITests/Info.plist;
				LD_RUNPATH_SEARCH_PATHS = (
					"$(inherited)",
					"@executable_path/Frameworks",
					"@loader_path/Frameworks",
				);
				PRODUCT_BUNDLE_IDENTIFIER = com.jonjohnson.MadDemoUITests;
				PRODUCT_NAME = "$(TARGET_NAME)";
				SWIFT_VERSION = 5.0;
				TARGETED_DEVICE_FAMILY = "1,2";
				TEST_TARGET_NAME = MadDemo;
			};
			name = Debug;
		};
		EA62CEAD25C747F700465849 /* Release */ = {
			isa = XCBuildConfiguration;
			buildSettings = {
				ALWAYS_EMBED_SWIFT_STANDARD_LIBRARIES = YES;
				CODE_SIGN_STYLE = Automatic;
				DEVELOPMENT_TEAM = 53HNTFX3RK;
				INFOPLIST_FILE = MadDemoUITests/Info.plist;
				LD_RUNPATH_SEARCH_PATHS = (
					"$(inherited)",
					"@executable_path/Frameworks",
					"@loader_path/Frameworks",
				);
				PRODUCT_BUNDLE_IDENTIFIER = com.jonjohnson.MadDemoUITests;
				PRODUCT_NAME = "$(TARGET_NAME)";
				SWIFT_VERSION = 5.0;
				TARGETED_DEVICE_FAMILY = "1,2";
				TEST_TARGET_NAME = MadDemo;
			};
			name = Release;
		};
/* End XCBuildConfiguration section */

/* Begin XCConfigurationList section */
		EA62CE7325C747F200465849 /* Build configuration list for PBXProject "MadDemo" */ = {
			isa = XCConfigurationList;
			buildConfigurations = (
				EA62CEA325C747F700465849 /* Debug */,
				EA62CEA425C747F700465849 /* Release */,
			);
			defaultConfigurationIsVisible = 0;
			defaultConfigurationName = Release;
		};
		EA62CEA525C747F700465849 /* Build configuration list for PBXNativeTarget "MadDemo" */ = {
			isa = XCConfigurationList;
			buildConfigurations = (
				EA62CEA625C747F700465849 /* Debug */,
				EA62CEA725C747F700465849 /* Release */,
			);
			defaultConfigurationIsVisible = 0;
			defaultConfigurationName = Release;
		};
		EA62CEA825C747F700465849 /* Build configuration list for PBXNativeTarget "MadDemoTests" */ = {
			isa = XCConfigurationList;
			buildConfigurations = (
				EA62CEA925C747F700465849 /* Debug */,
				EA62CEAA25C747F700465849 /* Release */,
			);
			defaultConfigurationIsVisible = 0;
			defaultConfigurationName = Release;
		};
		EA62CEAB25C747F700465849 /* Build configuration list for PBXNativeTarget "MadDemoUITests" */ = {
			isa = XCConfigurationList;
			buildConfigurations = (
				EA62CEAC25C747F700465849 /* Debug */,
				EA62CEAD25C747F700465849 /* Release */,
			);
			defaultConfigurationIsVisible = 0;
			defaultConfigurationName = Release;
		};
/* End XCConfigurationList section */

/* Begin XCVersionGroup section */
		EA62CE8425C747F200465849 /* MadDemo.xcdatamodeld */ = {
			isa = XCVersionGroup;
			children = (
				EA62CE8525C747F200465849 /* MadDemo.xcdatamodel */,
			);
			currentVersion = EA62CE8525C747F200465849 /* MadDemo.xcdatamodel */;
			path = MadDemo.xcdatamodeld;
			sourceTree = "<group>";
			versionGroupType = wrapper.xcdatamodel;
		};
/* End XCVersionGroup section */
	};
	rootObject = EA62CE7025C747F200465849 /* Project object */;
}
